// !$*UTF8*$!
{
	archiveVersion = 1;
	classes = {
	};
	objectVersion = 48;
	objects = {

/* Begin PBXBuildFile section */
		C25ECA7E233B59950048B25B /* AppDelegate.swift in Sources */ = {isa = PBXBuildFile; fileRef = C25ECA7D233B59950048B25B /* AppDelegate.swift */; };
		C25ECA80233B59950048B25B /* ViewController.swift in Sources */ = {isa = PBXBuildFile; fileRef = C25ECA7F233B59950048B25B /* ViewController.swift */; };
		C25ECA83233B59950048B25B /* Main.storyboard in Resources */ = {isa = PBXBuildFile; fileRef = C25ECA81233B59950048B25B /* Main.storyboard */; };
		C25ECA86233B59950048B25B /* CustomCell.xcdatamodeld in Sources */ = {isa = PBXBuildFile; fileRef = C25ECA84233B59950048B25B /* CustomCell.xcdatamodeld */; };
		C25ECA88233B59950048B25B /* Assets.xcassets in Resources */ = {isa = PBXBuildFile; fileRef = C25ECA87233B59950048B25B /* Assets.xcassets */; };
		C25ECA8B233B59950048B25B /* LaunchScreen.storyboard in Resources */ = {isa = PBXBuildFile; fileRef = C25ECA89233B59950048B25B /* LaunchScreen.storyboard */; };
		C25ECA96233B59960048B25B /* CustomCellTests.swift in Sources */ = {isa = PBXBuildFile; fileRef = C25ECA95233B59960048B25B /* CustomCellTests.swift */; };
		C25ECAA1233B59960048B25B /* CustomCellUITests.swift in Sources */ = {isa = PBXBuildFile; fileRef = C25ECAA0233B59960048B25B /* CustomCellUITests.swift */; };
/* End PBXBuildFile section */

/* Begin PBXContainerItemProxy section */
		C25ECA92233B59960048B25B /* PBXContainerItemProxy */ = {
			isa = PBXContainerItemProxy;
			containerPortal = C25ECA72233B59950048B25B /* Project object */;
			proxyType = 1;
			remoteGlobalIDString = C25ECA79233B59950048B25B;
			remoteInfo = CustomCell;
		};
		C25ECA9D233B59960048B25B /* PBXContainerItemProxy */ = {
			isa = PBXContainerItemProxy;
			containerPortal = C25ECA72233B59950048B25B /* Project object */;
			proxyType = 1;
			remoteGlobalIDString = C25ECA79233B59950048B25B;
			remoteInfo = CustomCell;
		};
/* End PBXContainerItemProxy section */

/* Begin PBXFileReference section */
		C25ECA7A233B59950048B25B /* CustomCell.app */ = {isa = PBXFileReference; explicitFileType = wrapper.application; includeInIndex = 0; path = CustomCell.app; sourceTree = BUILT_PRODUCTS_DIR; };
		C25ECA7D233B59950048B25B /* AppDelegate.swift */ = {isa = PBXFileReference; lastKnownFileType = sourcecode.swift; path = AppDelegate.swift; sourceTree = "<group>"; };
		C25ECA7F233B59950048B25B /* ViewController.swift */ = {isa = PBXFileReference; lastKnownFileType = sourcecode.swift; path = ViewController.swift; sourceTree = "<group>"; };
		C25ECA82233B59950048B25B /* Base */ = {isa = PBXFileReference; lastKnownFileType = file.storyboard; name = Base; path = Base.lproj/Main.storyboard; sourceTree = "<group>"; };
		C25ECA85233B59950048B25B /* CustomCell.xcdatamodel */ = {isa = PBXFileReference; lastKnownFileType = wrapper.xcdatamodel; path = CustomCell.xcdatamodel; sourceTree = "<group>"; };
		C25ECA87233B59950048B25B /* Assets.xcassets */ = {isa = PBXFileReference; lastKnownFileType = folder.assetcatalog; path = Assets.xcassets; sourceTree = "<group>"; };
		C25ECA8A233B59950048B25B /* Base */ = {isa = PBXFileReference; lastKnownFileType = file.storyboard; name = Base; path = Base.lproj/LaunchScreen.storyboard; sourceTree = "<group>"; };
		C25ECA8C233B59950048B25B /* Info.plist */ = {isa = PBXFileReference; lastKnownFileType = text.plist.xml; path = Info.plist; sourceTree = "<group>"; };
		C25ECA91233B59960048B25B /* CustomCellTests.xctest */ = {isa = PBXFileReference; explicitFileType = wrapper.cfbundle; includeInIndex = 0; path = CustomCellTests.xctest; sourceTree = BUILT_PRODUCTS_DIR; };
		C25ECA95233B59960048B25B /* CustomCellTests.swift */ = {isa = PBXFileReference; lastKnownFileType = sourcecode.swift; path = CustomCellTests.swift; sourceTree = "<group>"; };
		C25ECA97233B59960048B25B /* Info.plist */ = {isa = PBXFileReference; lastKnownFileType = text.plist.xml; path = Info.plist; sourceTree = "<group>"; };
		C25ECA9C233B59960048B25B /* CustomCellUITests.xctest */ = {isa = PBXFileReference; explicitFileType = wrapper.cfbundle; includeInIndex = 0; path = CustomCellUITests.xctest; sourceTree = BUILT_PRODUCTS_DIR; };
		C25ECAA0233B59960048B25B /* CustomCellUITests.swift */ = {isa = PBXFileReference; lastKnownFileType = sourcecode.swift; path = CustomCellUITests.swift; sourceTree = "<group>"; };
		C25ECAA2233B59960048B25B /* Info.plist */ = {isa = PBXFileReference; lastKnownFileType = text.plist.xml; path = Info.plist; sourceTree = "<group>"; };
/* End PBXFileReference section */

/* Begin PBXFrameworksBuildPhase section */
		C25ECA77233B59950048B25B /* Frameworks */ = {
			isa = PBXFrameworksBuildPhase;
			buildActionMask = 2147483647;
			files = (
			);
			runOnlyForDeploymentPostprocessing = 0;
		};
		C25ECA8E233B59960048B25B /* Frameworks */ = {
			isa = PBXFrameworksBuildPhase;
			buildActionMask = 2147483647;
			files = (
			);
			runOnlyForDeploymentPostprocessing = 0;
		};
		C25ECA99233B59960048B25B /* Frameworks */ = {
			isa = PBXFrameworksBuildPhase;
			buildActionMask = 2147483647;
			files = (
			);
			runOnlyForDeploymentPostprocessing = 0;
		};
/* End PBXFrameworksBuildPhase section */

/* Begin PBXGroup section */
		C25ECA71233B59950048B25B = {
			isa = PBXGroup;
			children = (
				C25ECA7C233B59950048B25B /* CustomCell */,
				C25ECA94233B59960048B25B /* CustomCellTests */,
				C25ECA9F233B59960048B25B /* CustomCellUITests */,
				C25ECA7B233B59950048B25B /* Products */,
			);
			sourceTree = "<group>";
		};
		C25ECA7B233B59950048B25B /* Products */ = {
			isa = PBXGroup;
			children = (
				C25ECA7A233B59950048B25B /* CustomCell.app */,
				C25ECA91233B59960048B25B /* CustomCellTests.xctest */,
				C25ECA9C233B59960048B25B /* CustomCellUITests.xctest */,
			);
			name = Products;
			sourceTree = "<group>";
		};
		C25ECA7C233B59950048B25B /* CustomCell */ = {
			isa = PBXGroup;
			children = (
				C25ECA7D233B59950048B25B /* AppDelegate.swift */,
				C25ECA7F233B59950048B25B /* ViewController.swift */,
				C25ECA81233B59950048B25B /* Main.storyboard */,
				C25ECA87233B59950048B25B /* Assets.xcassets */,
				C25ECA89233B59950048B25B /* LaunchScreen.storyboard */,
				C25ECA8C233B59950048B25B /* Info.plist */,
				C25ECA84233B59950048B25B /* CustomCell.xcdatamodeld */,
			);
			path = CustomCell;
			sourceTree = "<group>";
		};
		C25ECA94233B59960048B25B /* CustomCellTests */ = {
			isa = PBXGroup;
			children = (
				C25ECA95233B59960048B25B /* CustomCellTests.swift */,
				C25ECA97233B59960048B25B /* Info.plist */,
			);
			path = CustomCellTests;
			sourceTree = "<group>";
		};
		C25ECA9F233B59960048B25B /* CustomCellUITests */ = {
			isa = PBXGroup;
			children = (
				C25ECAA0233B59960048B25B /* CustomCellUITests.swift */,
				C25ECAA2233B59960048B25B /* Info.plist */,
			);
			path = CustomCellUITests;
			sourceTree = "<group>";
		};
/* End PBXGroup section */

/* Begin PBXNativeTarget section */
		C25ECA79233B59950048B25B /* CustomCell */ = {
			isa = PBXNativeTarget;
			buildConfigurationList = C25ECAA5233B59960048B25B /* Build configuration list for PBXNativeTarget "CustomCell" */;
			buildPhases = (
				C25ECA76233B59950048B25B /* Sources */,
				C25ECA77233B59950048B25B /* Frameworks */,
				C25ECA78233B59950048B25B /* Resources */,
			);
			buildRules = (
			);
			dependencies = (
			);
			name = CustomCell;
			productName = CustomCell;
			productReference = C25ECA7A233B59950048B25B /* CustomCell.app */;
			productType = "com.apple.product-type.application";
		};
		C25ECA90233B59960048B25B /* CustomCellTests */ = {
			isa = PBXNativeTarget;
			buildConfigurationList = C25ECAA8233B59960048B25B /* Build configuration list for PBXNativeTarget "CustomCellTests" */;
			buildPhases = (
				C25ECA8D233B59960048B25B /* Sources */,
				C25ECA8E233B59960048B25B /* Frameworks */,
				C25ECA8F233B59960048B25B /* Resources */,
			);
			buildRules = (
			);
			dependencies = (
				C25ECA93233B59960048B25B /* PBXTargetDependency */,
			);
			name = CustomCellTests;
			productName = CustomCellTests;
			productReference = C25ECA91233B59960048B25B /* CustomCellTests.xctest */;
			productType = "com.apple.product-type.bundle.unit-test";
		};
		C25ECA9B233B59960048B25B /* CustomCellUITests */ = {
			isa = PBXNativeTarget;
			buildConfigurationList = C25ECAAB233B59960048B25B /* Build configuration list for PBXNativeTarget "CustomCellUITests" */;
			buildPhases = (
				C25ECA98233B59960048B25B /* Sources */,
				C25ECA99233B59960048B25B /* Frameworks */,
				C25ECA9A233B59960048B25B /* Resources */,
			);
			buildRules = (
			);
			dependencies = (
				C25ECA9E233B59960048B25B /* PBXTargetDependency */,
			);
			name = CustomCellUITests;
			productName = CustomCellUITests;
			productReference = C25ECA9C233B59960048B25B /* CustomCellUITests.xctest */;
			productType = "com.apple.product-type.bundle.ui-testing";
		};
/* End PBXNativeTarget section */

/* Begin PBXProject section */
		C25ECA72233B59950048B25B /* Project object */ = {
			isa = PBXProject;
			attributes = {
				LastSwiftUpdateCheck = 0920;
				LastUpgradeCheck = 0920;
				ORGANIZATIONNAME = "COE-027";
				TargetAttributes = {
					C25ECA79233B59950048B25B = {
						CreatedOnToolsVersion = 9.2;
						ProvisioningStyle = Automatic;
					};
					C25ECA90233B59960048B25B = {
						CreatedOnToolsVersion = 9.2;
						ProvisioningStyle = Automatic;
						TestTargetID = C25ECA79233B59950048B25B;
					};
					C25ECA9B233B59960048B25B = {
						CreatedOnToolsVersion = 9.2;
						ProvisioningStyle = Automatic;
						TestTargetID = C25ECA79233B59950048B25B;
					};
				};
			};
			buildConfigurationList = C25ECA75233B59950048B25B /* Build configuration list for PBXProject "CustomCell" */;
			compatibilityVersion = "Xcode 8.0";
			developmentRegion = en;
			hasScannedForEncodings = 0;
			knownRegions = (
				en,
				Base,
			);
			mainGroup = C25ECA71233B59950048B25B;
			productRefGroup = C25ECA7B233B59950048B25B /* Products */;
			projectDirPath = "";
			projectRoot = "";
			targets = (
				C25ECA79233B59950048B25B /* CustomCell */,
				C25ECA90233B59960048B25B /* CustomCellTests */,
				C25ECA9B233B59960048B25B /* CustomCellUITests */,
			);
		};
/* End PBXProject section */

/* Begin PBXResourcesBuildPhase section */
		C25ECA78233B59950048B25B /* Resources */ = {
			isa = PBXResourcesBuildPhase;
			buildActionMask = 2147483647;
			files = (
				C25ECA8B233B59950048B25B /* LaunchScreen.storyboard in Resources */,
				C25ECA88233B59950048B25B /* Assets.xcassets in Resources */,
				C25ECA83233B59950048B25B /* Main.storyboard in Resources */,
			);
			runOnlyForDeploymentPostprocessing = 0;
		};
		C25ECA8F233B59960048B25B /* Resources */ = {
			isa = PBXResourcesBuildPhase;
			buildActionMask = 2147483647;
			files = (
			);
			runOnlyForDeploymentPostprocessing = 0;
		};
		C25ECA9A233B59960048B25B /* Resources */ = {
			isa = PBXResourcesBuildPhase;
			buildActionMask = 2147483647;
			files = (
			);
			runOnlyForDeploymentPostprocessing = 0;
		};
/* End PBXResourcesBuildPhase section */

/* Begin PBXSourcesBuildPhase section */
		C25ECA76233B59950048B25B /* Sources */ = {
			isa = PBXSourcesBuildPhase;
			buildActionMask = 2147483647;
			files = (
				C25ECA80233B59950048B25B /* ViewController.swift in Sources */,
				C25ECA86233B59950048B25B /* CustomCell.xcdatamodeld in Sources */,
				C25ECA7E233B59950048B25B /* AppDelegate.swift in Sources */,
			);
			runOnlyForDeploymentPostprocessing = 0;
		};
		C25ECA8D233B59960048B25B /* Sources */ = {
			isa = PBXSourcesBuildPhase;
			buildActionMask = 2147483647;
			files = (
				C25ECA96233B59960048B25B /* CustomCellTests.swift in Sources */,
			);
			runOnlyForDeploymentPostprocessing = 0;
		};
		C25ECA98233B59960048B25B /* Sources */ = {
			isa = PBXSourcesBuildPhase;
			buildActionMask = 2147483647;
			files = (
				C25ECAA1233B59960048B25B /* CustomCellUITests.swift in Sources */,
			);
			runOnlyForDeploymentPostprocessing = 0;
		};
/* End PBXSourcesBuildPhase section */

/* Begin PBXTargetDependency section */
		C25ECA93233B59960048B25B /* PBXTargetDependency */ = {
			isa = PBXTargetDependency;
			target = C25ECA79233B59950048B25B /* CustomCell */;
			targetProxy = C25ECA92233B59960048B25B /* PBXContainerItemProxy */;
		};
		C25ECA9E233B59960048B25B /* PBXTargetDependency */ = {
			isa = PBXTargetDependency;
			target = C25ECA79233B59950048B25B /* CustomCell */;
			targetProxy = C25ECA9D233B59960048B25B /* PBXContainerItemProxy */;
		};
/* End PBXTargetDependency section */

/* Begin PBXVariantGroup section */
		C25ECA81233B59950048B25B /* Main.storyboard */ = {
			isa = PBXVariantGroup;
			children = (
				C25ECA82233B59950048B25B /* Base */,
			);
			name = Main.storyboard;
			sourceTree = "<group>";
		};
		C25ECA89233B59950048B25B /* LaunchScreen.storyboard */ = {
			isa = PBXVariantGroup;
			children = (
				C25ECA8A233B59950048B25B /* Base */,
			);
			name = LaunchScreen.storyboard;
			sourceTree = "<group>";
		};
/* End PBXVariantGroup section */

/* Begin XCBuildConfiguration section */
		C25ECAA3233B59960048B25B /* Debug */ = {
			isa = XCBuildConfiguration;
			buildSettings = {
				ALWAYS_SEARCH_USER_PATHS = NO;
				CLANG_ANALYZER_NONNULL = YES;
				CLANG_ANALYZER_NUMBER_OBJECT_CONVERSION = YES_AGGRESSIVE;
				CLANG_CXX_LANGUAGE_STANDARD = "gnu++14";
				CLANG_CXX_LIBRARY = "libc++";
				CLANG_ENABLE_MODULES = YES;
				CLANG_ENABLE_OBJC_ARC = YES;
				CLANG_WARN_BLOCK_CAPTURE_AUTORELEASING = YES;
				CLANG_WARN_BOOL_CONVERSION = YES;
				CLANG_WARN_COMMA = YES;
				CLANG_WARN_CONSTANT_CONVERSION = YES;
				CLANG_WARN_DIRECT_OBJC_ISA_USAGE = YES_ERROR;
				CLANG_WARN_DOCUMENTATION_COMMENTS = YES;
				CLANG_WARN_EMPTY_BODY = YES;
				CLANG_WARN_ENUM_CONVERSION = YES;
				CLANG_WARN_INFINITE_RECURSION = YES;
				CLANG_WARN_INT_CONVERSION = YES;
				CLANG_WARN_NON_LITERAL_NULL_CONVERSION = YES;
				CLANG_WARN_OBJC_LITERAL_CONVERSION = YES;
				CLANG_WARN_OBJC_ROOT_CLASS = YES_ERROR;
				CLANG_WARN_RANGE_LOOP_ANALYSIS = YES;
				CLANG_WARN_STRICT_PROTOTYPES = YES;
				CLANG_WARN_SUSPICIOUS_MOVE = YES;
				CLANG_WARN_UNGUARDED_AVAILABILITY = YES_AGGRESSIVE;
				CLANG_WARN_UNREACHABLE_CODE = YES;
				CLANG_WARN__DUPLICATE_METHOD_MATCH = YES;
				CODE_SIGN_IDENTITY = "iPhone Developer";
				COPY_PHASE_STRIP = NO;
				DEBUG_INFORMATION_FORMAT = dwarf;
				ENABLE_STRICT_OBJC_MSGSEND = YES;
				ENABLE_TESTABILITY = YES;
				GCC_C_LANGUAGE_STANDARD = gnu11;
				GCC_DYNAMIC_NO_PIC = NO;
				GCC_NO_COMMON_BLOCKS = YES;
				GCC_OPTIMIZATION_LEVEL = 0;
				GCC_PREPROCESSOR_DEFINITIONS = (
					"DEBUG=1",
					"$(inherited)",
				);
				GCC_WARN_64_TO_32_BIT_CONVERSION = YES;
				GCC_WARN_ABOUT_RETURN_TYPE = YES_ERROR;
				GCC_WARN_UNDECLARED_SELECTOR = YES;
				GCC_WARN_UNINITIALIZED_AUTOS = YES_AGGRESSIVE;
				GCC_WARN_UNUSED_FUNCTION = YES;
				GCC_WARN_UNUSED_VARIABLE = YES;
				IPHONEOS_DEPLOYMENT_TARGET = 11.2;
				MTL_ENABLE_DEBUG_INFO = YES;
				ONLY_ACTIVE_ARCH = YES;
				SDKROOT = iphoneos;
				SWIFT_ACTIVE_COMPILATION_CONDITIONS = DEBUG;
				SWIFT_OPTIMIZATION_LEVEL = "-Onone";
			};
			name = Debug;
		};
		C25ECAA4233B59960048B25B /* Release */ = {
			isa = XCBuildConfiguration;
			buildSettings = {
				ALWAYS_SEARCH_USER_PATHS = NO;
				CLANG_ANALYZER_NONNULL = YES;
				CLANG_ANALYZER_NUMBER_OBJECT_CONVERSION = YES_AGGRESSIVE;
				CLANG_CXX_LANGUAGE_STANDARD = "gnu++14";
				CLANG_CXX_LIBRARY = "libc++";
				CLANG_ENABLE_MODULES = YES;
				CLANG_ENABLE_OBJC_ARC = YES;
				CLANG_WARN_BLOCK_CAPTURE_AUTORELEASING = YES;
				CLANG_WARN_BOOL_CONVERSION = YES;
				CLANG_WARN_COMMA = YES;
				CLANG_WARN_CONSTANT_CONVERSION = YES;
				CLANG_WARN_DIRECT_OBJC_ISA_USAGE = YES_ERROR;
				CLANG_WARN_DOCUMENTATION_COMMENTS = YES;
				CLANG_WARN_EMPTY_BODY = YES;
				CLANG_WARN_ENUM_CONVERSION = YES;
				CLANG_WARN_INFINITE_RECURSION = YES;
				CLANG_WARN_INT_CONVERSION = YES;
				CLANG_WARN_NON_LITERAL_NULL_CONVERSION = YES;
				CLANG_WARN_OBJC_LITERAL_CONVERSION = YES;
				CLANG_WARN_OBJC_ROOT_CLASS = YES_ERROR;
				CLANG_WARN_RANGE_LOOP_ANALYSIS = YES;
				CLANG_WARN_STRICT_PROTOTYPES = YES;
				CLANG_WARN_SUSPICIOUS_MOVE = YES;
				CLANG_WARN_UNGUARDED_AVAILABILITY = YES_AGGRESSIVE;
				CLANG_WARN_UNREACHABLE_CODE = YES;
				CLANG_WARN__DUPLICATE_METHOD_MATCH = YES;
				CODE_SIGN_IDENTITY = "iPhone Developer";
				COPY_PHASE_STRIP = NO;
				DEBUG_INFORMATION_FORMAT = "dwarf-with-dsym";
				ENABLE_NS_ASSERTIONS = NO;
				ENABLE_STRICT_OBJC_MSGSEND = YES;
				GCC_C_LANGUAGE_STANDARD = gnu11;
				GCC_NO_COMMON_BLOCKS = YES;
				GCC_WARN_64_TO_32_BIT_CONVERSION = YES;
				GCC_WARN_ABOUT_RETURN_TYPE = YES_ERROR;
				GCC_WARN_UNDECLARED_SELECTOR = YES;
				GCC_WARN_UNINITIALIZED_AUTOS = YES_AGGRESSIVE;
				GCC_WARN_UNUSED_FUNCTION = YES;
				GCC_WARN_UNUSED_VARIABLE = YES;
				IPHONEOS_DEPLOYMENT_TARGET = 11.2;
				MTL_ENABLE_DEBUG_INFO = NO;
				SDKROOT = iphoneos;
				SWIFT_OPTIMIZATION_LEVEL = "-Owholemodule";
				VALIDATE_PRODUCT = YES;
			};
			name = Release;
		};
		C25ECAA6233B59960048B25B /* Debug */ = {
			isa = XCBuildConfiguration;
			buildSettings = {
				ASSETCATALOG_COMPILER_APPICON_NAME = AppIcon;
				CODE_SIGN_STYLE = Automatic;
				INFOPLIST_FILE = CustomCell/Info.plist;
				LD_RUNPATH_SEARCH_PATHS = "$(inherited) @executable_path/Frameworks";
				PRODUCT_BUNDLE_IDENTIFIER = bg.CustomCell;
				PRODUCT_NAME = "$(TARGET_NAME)";
				SWIFT_VERSION = 4.0;
				TARGETED_DEVICE_FAMILY = "1,2";
			};
			name = Debug;
		};
		C25ECAA7233B59960048B25B /* Release */ = {
			isa = XCBuildConfiguration;
			buildSettings = {
				ASSETCATALOG_COMPILER_APPICON_NAME = AppIcon;
				CODE_SIGN_STYLE = Automatic;
				INFOPLIST_FILE = CustomCell/Info.plist;
				LD_RUNPATH_SEARCH_PATHS = "$(inherited) @executable_path/Frameworks";
				PRODUCT_BUNDLE_IDENTIFIER = bg.CustomCell;
				PRODUCT_NAME = "$(TARGET_NAME)";
				SWIFT_VERSION = 4.0;
				TARGETED_DEVICE_FAMILY = "1,2";
			};
			name = Release;
		};
		C25ECAA9233B59960048B25B /* Debug */ = {
			isa = XCBuildConfiguration;
			buildSettings = {
				ALWAYS_EMBED_SWIFT_STANDARD_LIBRARIES = YES;
				BUNDLE_LOADER = "$(TEST_HOST)";
				CODE_SIGN_STYLE = Automatic;
				INFOPLIST_FILE = CustomCellTests/Info.plist;
				LD_RUNPATH_SEARCH_PATHS = "$(inherited) @executable_path/Frameworks @loader_path/Frameworks";
				PRODUCT_BUNDLE_IDENTIFIER = bg.CustomCellTests;
				PRODUCT_NAME = "$(TARGET_NAME)";
				SWIFT_VERSION = 4.0;
				TARGETED_DEVICE_FAMILY = "1,2";
				TEST_HOST = "$(BUILT_PRODUCTS_DIR)/CustomCell.app/CustomCell";
			};
			name = Debug;
		};
		C25ECAAA233B59960048B25B /* Release */ = {
			isa = XCBuildConfiguration;
			buildSettings = {
				ALWAYS_EMBED_SWIFT_STANDARD_LIBRARIES = YES;
				BUNDLE_LOADER = "$(TEST_HOST)";
				CODE_SIGN_STYLE = Automatic;
				INFOPLIST_FILE = CustomCellTests/Info.plist;
				LD_RUNPATH_SEARCH_PATHS = "$(inherited) @executable_path/Frameworks @loader_path/Frameworks";
				PRODUCT_BUNDLE_IDENTIFIER = bg.CustomCellTests;
				PRODUCT_NAME = "$(TARGET_NAME)";
				SWIFT_VERSION = 4.0;
				TARGETED_DEVICE_FAMILY = "1,2";
				TEST_HOST = "$(BUILT_PRODUCTS_DIR)/CustomCell.app/CustomCell";
			};
			name = Release;
		};
		C25ECAAC233B59960048B25B /* Debug */ = {
			isa = XCBuildConfiguration;
			buildSettings = {
				ALWAYS_EMBED_SWIFT_STANDARD_LIBRARIES = YES;
				CODE_SIGN_STYLE = Automatic;
				INFOPLIST_FILE = CustomCellUITests/Info.plist;
				LD_RUNPATH_SEARCH_PATHS = "$(inherited) @executable_path/Frameworks @loader_path/Frameworks";
				PRODUCT_BUNDLE_IDENTIFIER = bg.CustomCellUITests;
				PRODUCT_NAME = "$(TARGET_NAME)";
				SWIFT_VERSION = 4.0;
				TARGETED_DEVICE_FAMILY = "1,2";
				TEST_TARGET_NAME = CustomCell;
			};
			name = Debug;
		};
		C25ECAAD233B59960048B25B /* Release */ = {
			isa = XCBuildConfiguration;
			buildSettings = {
				ALWAYS_EMBED_SWIFT_STANDARD_LIBRARIES = YES;
				CODE_SIGN_STYLE = Automatic;
				INFOPLIST_FILE = CustomCellUITests/Info.plist;
				LD_RUNPATH_SEARCH_PATHS = "$(inherited) @executable_path/Frameworks @loader_path/Frameworks";
				PRODUCT_BUNDLE_IDENTIFIER = bg.CustomCellUITests;
				PRODUCT_NAME = "$(TARGET_NAME)";
				SWIFT_VERSION = 4.0;
				TARGETED_DEVICE_FAMILY = "1,2";
				TEST_TARGET_NAME = CustomCell;
			};
			name = Release;
		};
/* End XCBuildConfiguration section */

/* Begin XCConfigurationList section */
		C25ECA75233B59950048B25B /* Build configuration list for PBXProject "CustomCell" */ = {
			isa = XCConfigurationList;
			buildConfigurations = (
				C25ECAA3233B59960048B25B /* Debug */,
				C25ECAA4233B59960048B25B /* Release */,
			);
			defaultConfigurationIsVisible = 0;
			defaultConfigurationName = Release;
		};
		C25ECAA5233B59960048B25B /* Build configuration list for PBXNativeTarget "CustomCell" */ = {
			isa = XCConfigurationList;
			buildConfigurations = (
				C25ECAA6233B59960048B25B /* Debug */,
				C25ECAA7233B59960048B25B /* Release */,
			);
			defaultConfigurationIsVisible = 0;
			defaultConfigurationName = Release;
		};
		C25ECAA8233B59960048B25B /* Build configuration list for PBXNativeTarget "CustomCellTests" */ = {
			isa = XCConfigurationList;
			buildConfigurations = (
				C25ECAA9233B59960048B25B /* Debug */,
				C25ECAAA233B59960048B25B /* Release */,
			);
			defaultConfigurationIsVisible = 0;
			defaultConfigurationName = Release;
		};
		C25ECAAB233B59960048B25B /* Build configuration list for PBXNativeTarget "CustomCellUITests" */ = {
			isa = XCConfigurationList;
			buildConfigurations = (
				C25ECAAC233B59960048B25B /* Debug */,
				C25ECAAD233B59960048B25B /* Release */,
			);
			defaultConfigurationIsVisible = 0;
			defaultConfigurationName = Release;
		};
/* End XCConfigurationList section */

/* Begin XCVersionGroup section */
		C25ECA84233B59950048B25B /* CustomCell.xcdatamodeld */ = {
			isa = XCVersionGroup;
			children = (
				C25ECA85233B59950048B25B /* CustomCell.xcdatamodel */,
			);
			currentVersion = C25ECA85233B59950048B25B /* CustomCell.xcdatamodel */;
			path = CustomCell.xcdatamodeld;
			sourceTree = "<group>";
			versionGroupType = wrapper.xcdatamodel;
		};
/* End XCVersionGroup section */
	};
	rootObject = C25ECA72233B59950048B25B /* Project object */;
}
